
Microsoft Visual Studio Solution File, Format Version 12.00
# Visual Studio Version 16
VisualStudioVersion = 16.0.30611.23
MinimumVisualStudioVersion = 10.0.40219.1
Project("{9A19103F-16F7-4668-BE54-9A1E7A4F7556}") = "DiscordBot", "DiscordBot\DiscordBot.csproj", "{9B14A1D6-7521-44A9-AE51-ABFEDE10EE58}"
EndProject
Project("{FAE04EC0-301F-11D3-BF4B-00C04F79EFBC}") = "DiscordBot.DataAccess", "DiscordBot.DataAccess\DiscordBot.DataAccess.csproj", "{05CC360C-58AE-4515-9DE5-EA0F08E22B82}"
EndProject
Global
	GlobalSection(SolutionConfigurationPlatforms) = preSolution
		Debug|Any CPU = Debug|Any CPU
		Release|Any CPU = Release|Any CPU
	EndGlobalSection
	GlobalSection(ProjectConfigurationPlatforms) = postSolution
		{9B14A1D6-7521-44A9-AE51-ABFEDE10EE58}.Debug|Any CPU.ActiveCfg = Debug|Any CPU
		{9B14A1D6-7521-44A9-AE51-ABFEDE10EE58}.Debug|Any CPU.Build.0 = Debug|Any CPU
		{9B14A1D6-7521-44A9-AE51-ABFEDE10EE58}.Release|Any CPU.ActiveCfg = Release|Any CPU
		{9B14A1D6-7521-44A9-AE51-ABFEDE10EE58}.Release|Any CPU.Build.0 = Release|Any CPU
		{05CC360C-58AE-4515-9DE5-EA0F08E22B82}.Debug|Any CPU.ActiveCfg = Debug|Any CPU
		{05CC360C-58AE-4515-9DE5-EA0F08E22B82}.Debug|Any CPU.Build.0 = Debug|Any CPU
		{05CC360C-58AE-4515-9DE5-EA0F08E22B82}.Release|Any CPU.ActiveCfg = Release|Any CPU
		{05CC360C-58AE-4515-9DE5-EA0F08E22B82}.Release|Any CPU.Build.0 = Release|Any CPU
	EndGlobalSection
	GlobalSection(SolutionProperties) = preSolution
		HideSolutionNode = FALSE
	EndGlobalSection
	GlobalSection(ExtensibilityGlobals) = postSolution
		SolutionGuid = {6AD6CB7C-9C1D-491B-A6A2-F5A3DBB6B6CB}
	EndGlobalSection
EndGlobal
